Microsoft Visual Studio Solution File, Format Version 12.00
# Visual Studio Version 17
VisualStudioVersion = 17.5.2.0
MinimumVisualStudioVersion = 10.0.40219.1
Project("{FAE04EC0-301F-11D3-BF4B-00C04F79EFBC}") = "BlazorApp", "BlazorApp\BlazorApp.csproj", "{D120649D-2906-09DD-7896-0626A755FFF4}"
EndProject
Global
	GlobalSection(SolutionConfigurationPlatforms) = preSolution
		Debug|Any CPU = Debug|Any CPU
		Release|Any CPU = Release|Any CPU
	EndGlobalSection
	GlobalSection(ProjectConfigurationPlatforms) = postSolution
		{D120649D-2906-09DD-7896-0626A755FFF4}.Debug|Any CPU.ActiveCfg = Debug|Any CPU
		{D120649D-2906-09DD-7896-0626A755FFF4}.Debug|Any CPU.Build.0 = Debug|Any CPU
		{D120649D-2906-09DD-7896-0626A755FFF4}.Release|Any CPU.ActiveCfg = Release|Any CPU
		{D120649D-2906-09DD-7896-0626A755FFF4}.Release|Any CPU.Build.0 = Release|Any CPU
	EndGlobalSection
	GlobalSection(SolutionProperties) = preSolution
		HideSolutionNode = FALSE
	EndGlobalSection
	GlobalSection(ExtensibilityGlobals) = postSolution
		SolutionGuid = {91F5690C-C2E4-4EDA-BD8E-7D89A37C73E7}
	EndGlobalSection
EndGlobal
